
Microsoft Visual Studio Solution File, Format Version 12.00
Project("{FAE04EC0-301F-11D3-BF4B-00C04F79EFBC}") = "OegegLogistics", "OegegLogistics\OegegLogistics.csproj", "{151E3F87-CC0E-4E4C-A2C4-6816DA6E17CF}"
EndProject
Global
	GlobalSection(SolutionConfigurationPlatforms) = preSolution
		Debug|Any CPU = Debug|Any CPU
		Release|Any CPU = Release|Any CPU
	EndGlobalSection
	GlobalSection(ProjectConfigurationPlatforms) = postSolution
		{151E3F87-CC0E-4E4C-A2C4-6816DA6E17CF}.Debug|Any CPU.ActiveCfg = Debug|Any CPU
		{151E3F87-CC0E-4E4C-A2C4-6816DA6E17CF}.Debug|Any CPU.Build.0 = Debug|Any CPU
		{151E3F87-CC0E-4E4C-A2C4-6816DA6E17CF}.Release|Any CPU.ActiveCfg = Release|Any CPU
		{151E3F87-CC0E-4E4C-A2C4-6816DA6E17CF}.Release|Any CPU.Build.0 = Release|Any CPU
	EndGlobalSection
EndGlobal
